schema: '2.0'
stages:
  data_ingestion:
    cmd: python pipeline/data_ingestion.py
    deps:
    - path: data/data.csv
      hash: md5
      md5: 35869aa45008618fc4aa9e873c86a595
      size: 123547
    - path: pipeline/data_ingestion.py
      hash: md5
      md5: 73e852028e2a7314bbd01330bf0ad720
      size: 2331
    params:
      params.yaml:
        split_ratio: 0.2
    outs:
    - path: data/SPLIT
      hash: md5
      md5: 2ee998fe8bfd5088a5af4e12260c050a.dir
      size: 125197
      nfiles: 4
  model_training:
    cmd: python pipeline/model.py
    deps:
    - path: data/SPLIT
      hash: md5
      md5: 2ee998fe8bfd5088a5af4e12260c050a.dir
      size: 125197
      nfiles: 4
    - path: pipeline/model.py
      hash: md5
      md5: 22f44d12fec0329924833b4bd8d79c2d
      size: 1874
    params:
      params.yaml:
        n_neighbors: 6
    outs:
    - path: artifacts/models
      hash: md5
      md5: b715666ca2ad08c6b92275cfab8c6e3b.dir
      size: 117819
      nfiles: 1
